
Microsoft Visual Studio Solution File, Format Version 12.00
# Visual Studio Version 16
VisualStudioVersion = 16.0.31911.196
MinimumVisualStudioVersion = 10.0.40219.1
Project("{FAE04EC0-301F-11D3-BF4B-00C04F79EFBC}") = "Hangman", "Hangman\Hangman.csproj", "{61589B22-ED33-46CA-9639-4197A1F42131}"
EndProject
Project("{FAE04EC0-301F-11D3-BF4B-00C04F79EFBC}") = "Hangman.Tests", "Hangman.Tests\Hangman.Tests.csproj", "{6C90E6C1-B16D-4EEE-9CAD-7A3FAA5CF7E3}"
EndProject
Global
	GlobalSection(SolutionConfigurationPlatforms) = preSolution
		Debug|Any CPU = Debug|Any CPU
		Release|Any CPU = Release|Any CPU
	EndGlobalSection
	GlobalSection(ProjectConfigurationPlatforms) = postSolution
		{61589B22-ED33-46CA-9639-4197A1F42131}.Debug|Any CPU.ActiveCfg = Debug|Any CPU
		{61589B22-ED33-46CA-9639-4197A1F42131}.Debug|Any CPU.Build.0 = Debug|Any CPU
		{61589B22-ED33-46CA-9639-4197A1F42131}.Release|Any CPU.ActiveCfg = Release|Any CPU
		{61589B22-ED33-46CA-9639-4197A1F42131}.Release|Any CPU.Build.0 = Release|Any CPU
		{6C90E6C1-B16D-4EEE-9CAD-7A3FAA5CF7E3}.Debug|Any CPU.ActiveCfg = Debug|Any CPU
		{6C90E6C1-B16D-4EEE-9CAD-7A3FAA5CF7E3}.Debug|Any CPU.Build.0 = Debug|Any CPU
		{6C90E6C1-B16D-4EEE-9CAD-7A3FAA5CF7E3}.Release|Any CPU.ActiveCfg = Release|Any CPU
		{6C90E6C1-B16D-4EEE-9CAD-7A3FAA5CF7E3}.Release|Any CPU.Build.0 = Release|Any CPU
	EndGlobalSection
	GlobalSection(SolutionProperties) = preSolution
		HideSolutionNode = FALSE
	EndGlobalSection
	GlobalSection(ExtensibilityGlobals) = postSolution
		SolutionGuid = {464B79C4-F178-49C0-9716-7FC414B71F60}
	EndGlobalSection
EndGlobal
